
Microsoft Visual Studio Solution File, Format Version 12.00
# Visual Studio 15
VisualStudioVersion = 15.0.27703.2042
MinimumVisualStudioVersion = 10.0.40219.1
Project("{FAE04EC0-301F-11D3-BF4B-00C04F79EFBC}") = "DL.ConsoleApp", "DL.ConsoleApp\DL.ConsoleApp.csproj", "{95D524A9-663B-4AF6-9148-F0000BDCC648}"
EndProject
Project("{FAE04EC0-301F-11D3-BF4B-00C04F79EFBC}") = "DL.Models", "DL.Models\DL.Models.csproj", "{7AA2E4A9-BF64-4AF7-8E67-2023FFE0106B}"
EndProject
Project("{FAE04EC0-301F-11D3-BF4B-00C04F79EFBC}") = "DL.DataAccess.Abstract", "DL.DataAccess.Abstract\DL.DataAccess.Abstract.csproj", "{ECA2B09B-A35E-4F02-ACC2-89085A950D59}"
EndProject
Project("{FAE04EC0-301F-11D3-BF4B-00C04F79EFBC}") = "DL.DataAccess", "DL.DataAccess\DL.DataAccess.csproj", "{2A0088B5-B0DC-4AF8-B972-7F7BA077A088}"
EndProject
Global
	GlobalSection(SolutionConfigurationPlatforms) = preSolution
		Debug|Any CPU = Debug|Any CPU
		Release|Any CPU = Release|Any CPU
	EndGlobalSection
	GlobalSection(ProjectConfigurationPlatforms) = postSolution
		{95D524A9-663B-4AF6-9148-F0000BDCC648}.Debug|Any CPU.ActiveCfg = Debug|Any CPU
		{95D524A9-663B-4AF6-9148-F0000BDCC648}.Debug|Any CPU.Build.0 = Debug|Any CPU
		{95D524A9-663B-4AF6-9148-F0000BDCC648}.Release|Any CPU.ActiveCfg = Release|Any CPU
		{95D524A9-663B-4AF6-9148-F0000BDCC648}.Release|Any CPU.Build.0 = Release|Any CPU
		{7AA2E4A9-BF64-4AF7-8E67-2023FFE0106B}.Debug|Any CPU.ActiveCfg = Debug|Any CPU
		{7AA2E4A9-BF64-4AF7-8E67-2023FFE0106B}.Debug|Any CPU.Build.0 = Debug|Any CPU
		{7AA2E4A9-BF64-4AF7-8E67-2023FFE0106B}.Release|Any CPU.ActiveCfg = Release|Any CPU
		{7AA2E4A9-BF64-4AF7-8E67-2023FFE0106B}.Release|Any CPU.Build.0 = Release|Any CPU
		{ECA2B09B-A35E-4F02-ACC2-89085A950D59}.Debug|Any CPU.ActiveCfg = Debug|Any CPU
		{ECA2B09B-A35E-4F02-ACC2-89085A950D59}.Debug|Any CPU.Build.0 = Debug|Any CPU
		{ECA2B09B-A35E-4F02-ACC2-89085A950D59}.Release|Any CPU.ActiveCfg = Release|Any CPU
		{ECA2B09B-A35E-4F02-ACC2-89085A950D59}.Release|Any CPU.Build.0 = Release|Any CPU
		{2A0088B5-B0DC-4AF8-B972-7F7BA077A088}.Debug|Any CPU.ActiveCfg = Debug|Any CPU
		{2A0088B5-B0DC-4AF8-B972-7F7BA077A088}.Debug|Any CPU.Build.0 = Debug|Any CPU
		{2A0088B5-B0DC-4AF8-B972-7F7BA077A088}.Release|Any CPU.ActiveCfg = Release|Any CPU
		{2A0088B5-B0DC-4AF8-B972-7F7BA077A088}.Release|Any CPU.Build.0 = Release|Any CPU
	EndGlobalSection
	GlobalSection(SolutionProperties) = preSolution
		HideSolutionNode = FALSE
	EndGlobalSection
	GlobalSection(ExtensibilityGlobals) = postSolution
		SolutionGuid = {40818650-A199-4DF6-9351-1AAA06DE520B}
	EndGlobalSection
EndGlobal
